
Microsoft Visual Studio Solution File, Format Version 12.00
# Visual Studio Version 16
VisualStudioVersion = 16.0.30204.135
MinimumVisualStudioVersion = 10.0.40219.1
Project("{FAE04EC0-301F-11D3-BF4B-00C04F79EFBC}") = "MessageReceiver", "MessageReceiver.csproj", "{C93181BD-1220-4ECF-BB2D-E5C2C5D19C37}"
EndProject
Global
	GlobalSection(SolutionConfigurationPlatforms) = preSolution
		Debug|Any CPU = Debug|Any CPU
		Release|Any CPU = Release|Any CPU
	EndGlobalSection
	GlobalSection(ProjectConfigurationPlatforms) = postSolution
		{C93181BD-1220-4ECF-BB2D-E5C2C5D19C37}.Debug|Any CPU.ActiveCfg = Debug|Any CPU
		{C93181BD-1220-4ECF-BB2D-E5C2C5D19C37}.Debug|Any CPU.Build.0 = Debug|Any CPU
		{C93181BD-1220-4ECF-BB2D-E5C2C5D19C37}.Release|Any CPU.ActiveCfg = Release|Any CPU
		{C93181BD-1220-4ECF-BB2D-E5C2C5D19C37}.Release|Any CPU.Build.0 = Release|Any CPU
	EndGlobalSection
	GlobalSection(SolutionProperties) = preSolution
		HideSolutionNode = FALSE
	EndGlobalSection
	GlobalSection(ExtensibilityGlobals) = postSolution
		SolutionGuid = {4A2B871D-BD3E-4AA1-87E5-1B7431A59895}
	EndGlobalSection
EndGlobal
